{
  "name": "auguriskpy",
  "version": "1.0.0",
  "lockfileVersion": 1,
  "requires": true,
  "dependencies": {
    "aws-sdk": {
      "version": "2.503.0",
      "resolved": "https://registry.npmjs.org/aws-sdk/-/aws-sdk-2.503.0.tgz",
      "integrity": "sha512-DPwRxhPYCGNvKL9rUhpAoOVpMRyISbVMlXykLQknYo7wyOI+jYcyA7t8H7IFPAqj4ZG+R+Au9tO/KT4im+2gbg==",
      "dependencies": {
        "ieee754": {
          "version": "1.1.8",
          "resolved": "https://registry.npmjs.org/ieee754/-/ieee754-1.1.8.tgz",
          "integrity": "sha1-vjPUCsEO8ZJnAfbwii2G+/0a0+Q="
        }
      }
    },
    "serverless-offline": {
      "version": "5.8.0",
      "resolved": "https://registry.npmjs.org/serverless-offline/-/serverless-offline-5.8.0.tgz",
      "integrity": "sha512-RgBeiHbcreDnkjVmHp3LpMag8weXgjeE8gxEAy8+BKm6w9NH80Fw+/8LQwLuuHdXFAqG/HoZ70t5L20eA5j3NQ==",
      "dev": true
    },
    "serverless-python-requirements": {
      "version": "4.3.0",
      "resolved": "https://registry.npmjs.org/serverless-python-requirements/-/serverless-python-requirements-4.3.0.tgz",
      "integrity": "sha512-VyXdEKNxUWoQDbssWZeR5YMaTDf1U4CO3yJH2953Y2Rt8zD6hG+vpTkVR490/Ws1PQsBopWuFfgDcLyvAppaRg==",
      "dev": true
    }
  }
}
